
Microsoft Visual Studio Solution File, Format Version 12.00
# Visual Studio 15
VisualStudioVersion = 15.0.34930.48
MinimumVisualStudioVersion = 10.0.40219.1
Project("{FAE04EC0-301F-11D3-BF4B-00C04F79EFBC}") = "CSharp-SDK_ComercialPremium", "CSharp-SDK_ComercialPremium\CSharp-SDK_ComercialPremium.csproj", "{ADCA4C96-6F70-4113-939A-C98315D20B70}"
EndProject
Global
	GlobalSection(SolutionConfigurationPlatforms) = preSolution
		Debug|Any CPU = Debug|Any CPU
		Release|Any CPU = Release|Any CPU
	EndGlobalSection
	GlobalSection(ProjectConfigurationPlatforms) = postSolution
		{ADCA4C96-6F70-4113-939A-C98315D20B70}.Debug|Any CPU.ActiveCfg = Debug|Any CPU
		{ADCA4C96-6F70-4113-939A-C98315D20B70}.Debug|Any CPU.Build.0 = Debug|Any CPU
		{ADCA4C96-6F70-4113-939A-C98315D20B70}.Release|Any CPU.ActiveCfg = Release|Any CPU
		{ADCA4C96-6F70-4113-939A-C98315D20B70}.Release|Any CPU.Build.0 = Release|Any CPU
	EndGlobalSection
	GlobalSection(SolutionProperties) = preSolution
		HideSolutionNode = FALSE
	EndGlobalSection
	GlobalSection(ExtensibilityGlobals) = postSolution
		SolutionGuid = {0C3CE6ED-8BF1-47CC-BA58-A6511C561CED}
	EndGlobalSection
EndGlobal
